
Microsoft Visual Studio Solution File, Format Version 12.00
# Visual Studio Version 17
VisualStudioVersion = 17.4.33205.214
MinimumVisualStudioVersion = 10.0.40219.1
Project("{8BC9CEB8-8B4A-11D0-8D11-00A0C91BC942}") = "дз - калькулятор (указатели на функции)", "дз - калькулятор (указатели на функции).vcxproj", "{2BD657B0-DCBA-43E1-B586-36B322658DCC}"
EndProject
Global
	GlobalSection(SolutionConfigurationPlatforms) = preSolution
		Debug|x64 = Debug|x64
		Debug|x86 = Debug|x86
		Release|x64 = Release|x64
		Release|x86 = Release|x86
	EndGlobalSection
	GlobalSection(ProjectConfigurationPlatforms) = postSolution
		{2BD657B0-DCBA-43E1-B586-36B322658DCC}.Debug|x64.ActiveCfg = Debug|x64
		{2BD657B0-DCBA-43E1-B586-36B322658DCC}.Debug|x64.Build.0 = Debug|x64
		{2BD657B0-DCBA-43E1-B586-36B322658DCC}.Debug|x86.ActiveCfg = Debug|Win32
		{2BD657B0-DCBA-43E1-B586-36B322658DCC}.Debug|x86.Build.0 = Debug|Win32
		{2BD657B0-DCBA-43E1-B586-36B322658DCC}.Release|x64.ActiveCfg = Release|x64
		{2BD657B0-DCBA-43E1-B586-36B322658DCC}.Release|x64.Build.0 = Release|x64
		{2BD657B0-DCBA-43E1-B586-36B322658DCC}.Release|x86.ActiveCfg = Release|Win32
		{2BD657B0-DCBA-43E1-B586-36B322658DCC}.Release|x86.Build.0 = Release|Win32
	EndGlobalSection
	GlobalSection(SolutionProperties) = preSolution
		HideSolutionNode = FALSE
	EndGlobalSection
	GlobalSection(ExtensibilityGlobals) = postSolution
		SolutionGuid = {8DAFDBEC-6009-41AB-AEC6-826153BC48F9}
	EndGlobalSection
EndGlobal
